
Microsoft Visual Studio Solution File, Format Version 12.00
# Visual Studio Version 17
VisualStudioVersion = 17.8.34601.278
MinimumVisualStudioVersion = 10.0.40219.1
Project("{9A19103F-16F7-4668-BE54-9A1E7A4F7556}") = "LibraryManager.Test", "Test\LibraryManager.Test.csproj", "{354A06CA-DA00-4EAC-8C03-E2F0A9BFB6F9}"
EndProject
Project("{9A19103F-16F7-4668-BE54-9A1E7A4F7556}") = "LibraryManager.API", "LibraryManager.API\LibraryManager.API.csproj", "{5FB62CA6-AB3A-4A7B-984C-9C6FB5D38207}"
EndProject
Project("{9A19103F-16F7-4668-BE54-9A1E7A4F7556}") = "LibraryManager.Core", "LibraryManager.Core\LibraryManager.Core.csproj", "{EE40626C-9631-4A20-9133-60DEFB4DD735}"
EndProject
Project("{9A19103F-16F7-4668-BE54-9A1E7A4F7556}") = "LibraryManager.Infrastructure", "LibraryManager.Infrastructure\LibraryManager.Infrastructure.csproj", "{2532C250-58A6-4CA1-9C08-E09B1D69506F}"
EndProject
Project("{FAE04EC0-301F-11D3-BF4B-00C04F79EFBC}") = "LibraryManager.Application", "LibraryManager.Application\LibraryManager.Application.csproj", "{A0D3E553-51CB-476F-B0DD-A961F14C8B13}"
EndProject
Global
	GlobalSection(SolutionConfigurationPlatforms) = preSolution
		Debug|Any CPU = Debug|Any CPU
		Release|Any CPU = Release|Any CPU
	EndGlobalSection
	GlobalSection(ProjectConfigurationPlatforms) = postSolution
		{354A06CA-DA00-4EAC-8C03-E2F0A9BFB6F9}.Debug|Any CPU.ActiveCfg = Debug|Any CPU
		{354A06CA-DA00-4EAC-8C03-E2F0A9BFB6F9}.Debug|Any CPU.Build.0 = Debug|Any CPU
		{354A06CA-DA00-4EAC-8C03-E2F0A9BFB6F9}.Release|Any CPU.ActiveCfg = Release|Any CPU
		{354A06CA-DA00-4EAC-8C03-E2F0A9BFB6F9}.Release|Any CPU.Build.0 = Release|Any CPU
		{5FB62CA6-AB3A-4A7B-984C-9C6FB5D38207}.Debug|Any CPU.ActiveCfg = Debug|Any CPU
		{5FB62CA6-AB3A-4A7B-984C-9C6FB5D38207}.Debug|Any CPU.Build.0 = Debug|Any CPU
		{5FB62CA6-AB3A-4A7B-984C-9C6FB5D38207}.Release|Any CPU.ActiveCfg = Release|Any CPU
		{5FB62CA6-AB3A-4A7B-984C-9C6FB5D38207}.Release|Any CPU.Build.0 = Release|Any CPU
		{EE40626C-9631-4A20-9133-60DEFB4DD735}.Debug|Any CPU.ActiveCfg = Debug|Any CPU
		{EE40626C-9631-4A20-9133-60DEFB4DD735}.Debug|Any CPU.Build.0 = Debug|Any CPU
		{EE40626C-9631-4A20-9133-60DEFB4DD735}.Release|Any CPU.ActiveCfg = Release|Any CPU
		{EE40626C-9631-4A20-9133-60DEFB4DD735}.Release|Any CPU.Build.0 = Release|Any CPU
		{2532C250-58A6-4CA1-9C08-E09B1D69506F}.Debug|Any CPU.ActiveCfg = Debug|Any CPU
		{2532C250-58A6-4CA1-9C08-E09B1D69506F}.Debug|Any CPU.Build.0 = Debug|Any CPU
		{2532C250-58A6-4CA1-9C08-E09B1D69506F}.Release|Any CPU.ActiveCfg = Release|Any CPU
		{2532C250-58A6-4CA1-9C08-E09B1D69506F}.Release|Any CPU.Build.0 = Release|Any CPU
		{A0D3E553-51CB-476F-B0DD-A961F14C8B13}.Debug|Any CPU.ActiveCfg = Debug|Any CPU
		{A0D3E553-51CB-476F-B0DD-A961F14C8B13}.Debug|Any CPU.Build.0 = Debug|Any CPU
		{A0D3E553-51CB-476F-B0DD-A961F14C8B13}.Release|Any CPU.ActiveCfg = Release|Any CPU
		{A0D3E553-51CB-476F-B0DD-A961F14C8B13}.Release|Any CPU.Build.0 = Release|Any CPU
	EndGlobalSection
	GlobalSection(SolutionProperties) = preSolution
		HideSolutionNode = FALSE
	EndGlobalSection
	GlobalSection(ExtensibilityGlobals) = postSolution
		SolutionGuid = {E88C3382-BF9F-45C9-B5F9-995D198A552B}
	EndGlobalSection
EndGlobal
